
Microsoft Visual Studio Solution File, Format Version 12.00
# Visual Studio Version 16
VisualStudioVersion = 16.0.31702.278
MinimumVisualStudioVersion = 10.0.40219.1
Project("{9A19103F-16F7-4668-BE54-9A1E7A4F7556}") = "ComManager", "ComManager\ComManager.csproj", "{DEBBE7C6-6898-461E-8FFB-8DCDB7CEE054}"
EndProject
Project("{9A19103F-16F7-4668-BE54-9A1E7A4F7556}") = "ComManager.Domain", "ComManager.Domain\ComManager.Domain.csproj", "{961271AC-0BB2-4592-A436-045F9B88CF0F}"
EndProject
Project("{9A19103F-16F7-4668-BE54-9A1E7A4F7556}") = "ComManager.Infrasrtructure", "ComManager.Infrasrtructure\ComManager.Infrasrtructure.csproj", "{FD951142-2039-4790-AED1-5264A5D8785F}"
EndProject
Project("{9A19103F-16F7-4668-BE54-9A1E7A4F7556}") = "TestProject1", "TestProject1\TestProject1.csproj", "{EBA99C55-6213-4463-90DA-B99339AA5C4B}"
EndProject
Project("{9A19103F-16F7-4668-BE54-9A1E7A4F7556}") = "ComManagerBlazor", "ComManagerBlazor\ComManagerBlazor\ComManagerBlazor.csproj", "{B38A34E4-EDCD-44FB-B197-AD7FA98AC2CD}"
EndProject
Global
	GlobalSection(SolutionConfigurationPlatforms) = preSolution
		Debug|Any CPU = Debug|Any CPU
		Release|Any CPU = Release|Any CPU
	EndGlobalSection
	GlobalSection(ProjectConfigurationPlatforms) = postSolution
		{DEBBE7C6-6898-461E-8FFB-8DCDB7CEE054}.Debug|Any CPU.ActiveCfg = Debug|Any CPU
		{DEBBE7C6-6898-461E-8FFB-8DCDB7CEE054}.Debug|Any CPU.Build.0 = Debug|Any CPU
		{DEBBE7C6-6898-461E-8FFB-8DCDB7CEE054}.Release|Any CPU.ActiveCfg = Release|Any CPU
		{DEBBE7C6-6898-461E-8FFB-8DCDB7CEE054}.Release|Any CPU.Build.0 = Release|Any CPU
		{961271AC-0BB2-4592-A436-045F9B88CF0F}.Debug|Any CPU.ActiveCfg = Debug|Any CPU
		{961271AC-0BB2-4592-A436-045F9B88CF0F}.Debug|Any CPU.Build.0 = Debug|Any CPU
		{961271AC-0BB2-4592-A436-045F9B88CF0F}.Release|Any CPU.ActiveCfg = Release|Any CPU
		{961271AC-0BB2-4592-A436-045F9B88CF0F}.Release|Any CPU.Build.0 = Release|Any CPU
		{FD951142-2039-4790-AED1-5264A5D8785F}.Debug|Any CPU.ActiveCfg = Debug|Any CPU
		{FD951142-2039-4790-AED1-5264A5D8785F}.Debug|Any CPU.Build.0 = Debug|Any CPU
		{FD951142-2039-4790-AED1-5264A5D8785F}.Release|Any CPU.ActiveCfg = Release|Any CPU
		{FD951142-2039-4790-AED1-5264A5D8785F}.Release|Any CPU.Build.0 = Release|Any CPU
		{EBA99C55-6213-4463-90DA-B99339AA5C4B}.Debug|Any CPU.ActiveCfg = Debug|Any CPU
		{EBA99C55-6213-4463-90DA-B99339AA5C4B}.Debug|Any CPU.Build.0 = Debug|Any CPU
		{EBA99C55-6213-4463-90DA-B99339AA5C4B}.Release|Any CPU.ActiveCfg = Release|Any CPU
		{EBA99C55-6213-4463-90DA-B99339AA5C4B}.Release|Any CPU.Build.0 = Release|Any CPU
		{B38A34E4-EDCD-44FB-B197-AD7FA98AC2CD}.Debug|Any CPU.ActiveCfg = Debug|Any CPU
		{B38A34E4-EDCD-44FB-B197-AD7FA98AC2CD}.Debug|Any CPU.Build.0 = Debug|Any CPU
		{B38A34E4-EDCD-44FB-B197-AD7FA98AC2CD}.Release|Any CPU.ActiveCfg = Release|Any CPU
		{B38A34E4-EDCD-44FB-B197-AD7FA98AC2CD}.Release|Any CPU.Build.0 = Release|Any CPU
	EndGlobalSection
	GlobalSection(SolutionProperties) = preSolution
		HideSolutionNode = FALSE
	EndGlobalSection
	GlobalSection(ExtensibilityGlobals) = postSolution
		SolutionGuid = {4CD8B1CF-46D0-4271-BDB6-84BA6836974E}
	EndGlobalSection
EndGlobal
